// !$*UTF8*$!
{
	archiveVersion = 1;
	classes = {
	};
	objectVersion = 55;
	objects = {

/* Begin PBXBuildFile section */
		B4E13C358F8A1BF545BD3B96 /* Pods_iOS_Labs.framework in Frameworks */ = {isa = PBXBuildFile; fileRef = E89A016E2038CED844460ECB /* Pods_iOS_Labs.framework */; };
		C300E4BB2753E79700E87EFE /* SignUpError.swift in Sources */ = {isa = PBXBuildFile; fileRef = C300E4BA2753E79700E87EFE /* SignUpError.swift */; };
		C300E4BD2753EADD00E87EFE /* SignUpFieldType.swift in Sources */ = {isa = PBXBuildFile; fileRef = C300E4BC2753EADD00E87EFE /* SignUpFieldType.swift */; };
		C300E4C02753EC7600E87EFE /* SignUpRegEx.swift in Sources */ = {isa = PBXBuildFile; fileRef = C300E4BF2753EC7600E87EFE /* SignUpRegEx.swift */; };
		C31B565F272D8E88008E561A /* SignUpViewModel.swift in Sources */ = {isa = PBXBuildFile; fileRef = C31B565E272D8E88008E561A /* SignUpViewModel.swift */; };
		C31B5661272D9031008E561A /* SignUpFormValidationService.swift in Sources */ = {isa = PBXBuildFile; fileRef = C31B5660272D9031008E561A /* SignUpFormValidationService.swift */; };
		C331C9AB27553C4C00F549CF /* General.swift in Sources */ = {isa = PBXBuildFile; fileRef = C331C9AA27553C4C00F549CF /* General.swift */; };
		C35258AB27033DA100906C74 /* iOS_LabsApp.swift in Sources */ = {isa = PBXBuildFile; fileRef = C35258AA27033DA100906C74 /* iOS_LabsApp.swift */; };
		C35258AD27033DA100906C74 /* SignUp.swift in Sources */ = {isa = PBXBuildFile; fileRef = C35258AC27033DA100906C74 /* SignUp.swift */; };
		C35258AF27033DA200906C74 /* Assets.xcassets in Resources */ = {isa = PBXBuildFile; fileRef = C35258AE27033DA200906C74 /* Assets.xcassets */; };
		C35258B227033DA200906C74 /* Preview Assets.xcassets in Resources */ = {isa = PBXBuildFile; fileRef = C35258B127033DA200906C74 /* Preview Assets.xcassets */; };
		C354D17E2758301F00F73E0C /* Unsplash-Info.plist in Resources */ = {isa = PBXBuildFile; fileRef = C354D17D2758301F00F73E0C /* Unsplash-Info.plist */; };
		C354D181275834EC00F73E0C /* PhotoModel.swift in Sources */ = {isa = PBXBuildFile; fileRef = C354D180275834EC00F73E0C /* PhotoModel.swift */; };
		C354D1842758360B00F73E0C /* PhotoViewModel.swift in Sources */ = {isa = PBXBuildFile; fileRef = C354D1832758360B00F73E0C /* PhotoViewModel.swift */; };
		C354D1872758368200F73E0C /* Img.swift in Sources */ = {isa = PBXBuildFile; fileRef = C354D1862758368200F73E0C /* Img.swift */; };
		C354D18C275837D500F73E0C /* ImageModel.swift in Sources */ = {isa = PBXBuildFile; fileRef = C354D18B275837D500F73E0C /* ImageModel.swift */; };
		C378006B27315C2F0045BF29 /* SignUpFieldModel.swift in Sources */ = {isa = PBXBuildFile; fileRef = C378006A27315C2F0045BF29 /* SignUpFieldModel.swift */; };
		C378007227315D620045BF29 /* SignUpField.swift in Sources */ = {isa = PBXBuildFile; fileRef = C378007127315D620045BF29 /* SignUpField.swift */; };
		C3AC8B642755404800991DA6 /* Photos.swift in Sources */ = {isa = PBXBuildFile; fileRef = C3AC8B632755404700991DA6 /* Photos.swift */; };
		C3AC8B682755407400991DA6 /* Users.swift in Sources */ = {isa = PBXBuildFile; fileRef = C3AC8B672755407400991DA6 /* Users.swift */; };
		C3AC8B6B2755444000991DA6 /* PhotoController.swift in Sources */ = {isa = PBXBuildFile; fileRef = C3AC8B6A2755444000991DA6 /* PhotoController.swift */; };
		C3AC8B72275555AB00991DA6 /* User.swift in Sources */ = {isa = PBXBuildFile; fileRef = C3AC8B71275555AB00991DA6 /* User.swift */; };
		C3AC8B7427555CF400991DA6 /* UserDefaultsService.swift in Sources */ = {isa = PBXBuildFile; fileRef = C3AC8B7327555CF400991DA6 /* UserDefaultsService.swift */; };
		C3AC8B7727555D3C00991DA6 /* UsersService.swift in Sources */ = {isa = PBXBuildFile; fileRef = C3AC8B7627555D3C00991DA6 /* UsersService.swift */; };
/* End PBXBuildFile section */

/* Begin PBXFileReference section */
		17C656671F02740AAAFB6578 /* Pods-iOS_Labs.release.xcconfig */ = {isa = PBXFileReference; includeInIndex = 1; lastKnownFileType = text.xcconfig; name = "Pods-iOS_Labs.release.xcconfig"; path = "Target Support Files/Pods-iOS_Labs/Pods-iOS_Labs.release.xcconfig"; sourceTree = "<group>"; };
		458259DE5BC12BA714AD0745 /* Pods-iOS_Labs.debug.xcconfig */ = {isa = PBXFileReference; includeInIndex = 1; lastKnownFileType = text.xcconfig; name = "Pods-iOS_Labs.debug.xcconfig"; path = "Target Support Files/Pods-iOS_Labs/Pods-iOS_Labs.debug.xcconfig"; sourceTree = "<group>"; };
		C300E4BA2753E79700E87EFE /* SignUpError.swift */ = {isa = PBXFileReference; lastKnownFileType = sourcecode.swift; path = SignUpError.swift; sourceTree = "<group>"; };
		C300E4BC2753EADD00E87EFE /* SignUpFieldType.swift */ = {isa = PBXFileReference; lastKnownFileType = sourcecode.swift; path = SignUpFieldType.swift; sourceTree = "<group>"; };
		C300E4BF2753EC7600E87EFE /* SignUpRegEx.swift */ = {isa = PBXFileReference; lastKnownFileType = sourcecode.swift; path = SignUpRegEx.swift; sourceTree = "<group>"; };
		C31B565E272D8E88008E561A /* SignUpViewModel.swift */ = {isa = PBXFileReference; lastKnownFileType = sourcecode.swift; path = SignUpViewModel.swift; sourceTree = "<group>"; };
		C31B5660272D9031008E561A /* SignUpFormValidationService.swift */ = {isa = PBXFileReference; lastKnownFileType = sourcecode.swift; path = SignUpFormValidationService.swift; sourceTree = "<group>"; };
		C331C9AA27553C4C00F549CF /* General.swift */ = {isa = PBXFileReference; lastKnownFileType = sourcecode.swift; path = General.swift; sourceTree = "<group>"; };
		C35258A727033DA100906C74 /* iOS_Labs.app */ = {isa = PBXFileReference; explicitFileType = wrapper.application; includeInIndex = 0; path = iOS_Labs.app; sourceTree = BUILT_PRODUCTS_DIR; };
		C35258AA27033DA100906C74 /* iOS_LabsApp.swift */ = {isa = PBXFileReference; lastKnownFileType = sourcecode.swift; path = iOS_LabsApp.swift; sourceTree = "<group>"; };
		C35258AC27033DA100906C74 /* SignUp.swift */ = {isa = PBXFileReference; lastKnownFileType = sourcecode.swift; path = SignUp.swift; sourceTree = "<group>"; };
		C35258AE27033DA200906C74 /* Assets.xcassets */ = {isa = PBXFileReference; lastKnownFileType = folder.assetcatalog; path = Assets.xcassets; sourceTree = "<group>"; };
		C35258B127033DA200906C74 /* Preview Assets.xcassets */ = {isa = PBXFileReference; lastKnownFileType = folder.assetcatalog; path = "Preview Assets.xcassets"; sourceTree = "<group>"; };
		C354D17D2758301F00F73E0C /* Unsplash-Info.plist */ = {isa = PBXFileReference; lastKnownFileType = text.plist.xml; path = "Unsplash-Info.plist"; sourceTree = "<group>"; };
		C354D180275834EC00F73E0C /* PhotoModel.swift */ = {isa = PBXFileReference; lastKnownFileType = sourcecode.swift; path = PhotoModel.swift; sourceTree = "<group>"; };
		C354D1832758360B00F73E0C /* PhotoViewModel.swift */ = {isa = PBXFileReference; lastKnownFileType = sourcecode.swift; path = PhotoViewModel.swift; sourceTree = "<group>"; };
		C354D1862758368200F73E0C /* Img.swift */ = {isa = PBXFileReference; lastKnownFileType = sourcecode.swift; path = Img.swift; sourceTree = "<group>"; };
		C354D18B275837D500F73E0C /* ImageModel.swift */ = {isa = PBXFileReference; lastKnownFileType = sourcecode.swift; path = ImageModel.swift; sourceTree = "<group>"; };
		C378006A27315C2F0045BF29 /* SignUpFieldModel.swift */ = {isa = PBXFileReference; lastKnownFileType = sourcecode.swift; path = SignUpFieldModel.swift; sourceTree = "<group>"; };
		C378007127315D620045BF29 /* SignUpField.swift */ = {isa = PBXFileReference; lastKnownFileType = sourcecode.swift; path = SignUpField.swift; sourceTree = "<group>"; };
		C3AC8B632755404700991DA6 /* Photos.swift */ = {isa = PBXFileReference; lastKnownFileType = sourcecode.swift; path = Photos.swift; sourceTree = "<group>"; };
		C3AC8B672755407400991DA6 /* Users.swift */ = {isa = PBXFileReference; lastKnownFileType = sourcecode.swift; path = Users.swift; sourceTree = "<group>"; };
		C3AC8B6A2755444000991DA6 /* PhotoController.swift */ = {isa = PBXFileReference; lastKnownFileType = sourcecode.swift; path = PhotoController.swift; sourceTree = "<group>"; };
		C3AC8B71275555AB00991DA6 /* User.swift */ = {isa = PBXFileReference; lastKnownFileType = sourcecode.swift; path = User.swift; sourceTree = "<group>"; };
		C3AC8B7327555CF400991DA6 /* UserDefaultsService.swift */ = {isa = PBXFileReference; lastKnownFileType = sourcecode.swift; path = UserDefaultsService.swift; sourceTree = "<group>"; };
		C3AC8B7627555D3C00991DA6 /* UsersService.swift */ = {isa = PBXFileReference; lastKnownFileType = sourcecode.swift; path = UsersService.swift; sourceTree = "<group>"; };
		E89A016E2038CED844460ECB /* Pods_iOS_Labs.framework */ = {isa = PBXFileReference; explicitFileType = wrapper.framework; includeInIndex = 0; path = Pods_iOS_Labs.framework; sourceTree = BUILT_PRODUCTS_DIR; };
/* End PBXFileReference section */

/* Begin PBXFrameworksBuildPhase section */
		C35258A427033DA000906C74 /* Frameworks */ = {
			isa = PBXFrameworksBuildPhase;
			buildActionMask = 2147483647;
			files = (
				B4E13C358F8A1BF545BD3B96 /* Pods_iOS_Labs.framework in Frameworks */,
			);
			runOnlyForDeploymentPostprocessing = 0;
		};
/* End PBXFrameworksBuildPhase section */

/* Begin PBXGroup section */
		46E9A4BC4621567DAF7545FF /* Frameworks */ = {
			isa = PBXGroup;
			children = (
				E89A016E2038CED844460ECB /* Pods_iOS_Labs.framework */,
			);
			name = Frameworks;
			sourceTree = "<group>";
		};
		C300E4BE2753EBA300E87EFE /* Utils */ = {
			isa = PBXGroup;
			children = (
				C354D18D275969B300F73E0C /* Photos */,
				C3AC8B6E2755556500991DA6 /* SignUp */,
			);
			path = Utils;
			sourceTree = "<group>";
		};
		C352589E27033DA000906C74 = {
			isa = PBXGroup;
			children = (
				C35258A927033DA100906C74 /* iOS_Labs */,
				C35258A827033DA100906C74 /* Products */,
				CF7C72ED710936C0036B9414 /* Pods */,
				46E9A4BC4621567DAF7545FF /* Frameworks */,
			);
			sourceTree = "<group>";
		};
		C35258A827033DA100906C74 /* Products */ = {
			isa = PBXGroup;
			children = (
				C35258A727033DA100906C74 /* iOS_Labs.app */,
			);
			name = Products;
			sourceTree = "<group>";
		};
		C35258A927033DA100906C74 /* iOS_Labs */ = {
			isa = PBXGroup;
			children = (
				C300E4BE2753EBA300E87EFE /* Utils */,
				C378006C27315C4C0045BF29 /* Services */,
				C378006927315C150045BF29 /* Models */,
				C378006827315C0E0045BF29 /* ViewModels */,
				C378006727315BDD0045BF29 /* Views */,
				C35258AA27033DA100906C74 /* iOS_LabsApp.swift */,
				C35258AE27033DA200906C74 /* Assets.xcassets */,
				C35258B027033DA200906C74 /* Preview Content */,
				C354D17D2758301F00F73E0C /* Unsplash-Info.plist */,
			);
			path = iOS_Labs;
			sourceTree = "<group>";
		};
		C35258B027033DA200906C74 /* Preview Content */ = {
			isa = PBXGroup;
			children = (
				C35258B127033DA200906C74 /* Preview Assets.xcassets */,
			);
			path = "Preview Content";
			sourceTree = "<group>";
		};
		C354D17F275834D500F73E0C /* Photos */ = {
			isa = PBXGroup;
			children = (
				C354D180275834EC00F73E0C /* PhotoModel.swift */,
				C354D18B275837D500F73E0C /* ImageModel.swift */,
			);
			path = Photos;
			sourceTree = "<group>";
		};
		C354D182275835EA00F73E0C /* Photos */ = {
			isa = PBXGroup;
			children = (
				C354D1832758360B00F73E0C /* PhotoViewModel.swift */,
			);
			path = Photos;
			sourceTree = "<group>";
		};
		C354D1852758366400F73E0C /* SubViews */ = {
			isa = PBXGroup;
			children = (
				C354D1862758368200F73E0C /* Img.swift */,
			);
			path = SubViews;
			sourceTree = "<group>";
		};
		C354D18D275969B300F73E0C /* Photos */ = {
			isa = PBXGroup;
			children = (
				C3AC8B6A2755444000991DA6 /* PhotoController.swift */,
			);
			path = Photos;
			sourceTree = "<group>";
		};
		C378006727315BDD0045BF29 /* Views */ = {
			isa = PBXGroup;
			children = (
				C3AC8B662755406500991DA6 /* Users */,
				C3AC8B622755403300991DA6 /* Photos */,
				C378006D27315D110045BF29 /* SignUp */,
				C331C9AA27553C4C00F549CF /* General.swift */,
			);
			path = Views;
			sourceTree = "<group>";
		};
		C378006827315C0E0045BF29 /* ViewModels */ = {
			isa = PBXGroup;
			children = (
				C354D182275835EA00F73E0C /* Photos */,
				C3AC8B6F2755557500991DA6 /* SignUp */,
			);
			path = ViewModels;
			sourceTree = "<group>";
		};
		C378006927315C150045BF29 /* Models */ = {
			isa = PBXGroup;
			children = (
				C354D17F275834D500F73E0C /* Photos */,
				C3AC8B6C2755552A00991DA6 /* SignUp */,
			);
			path = Models;
			sourceTree = "<group>";
		};
		C378006C27315C4C0045BF29 /* Services */ = {
			isa = PBXGroup;
			children = (
				C3AC8B7527555D2D00991DA6 /* Users */,
				C3AC8B6D2755554A00991DA6 /* SignUp */,
				C3AC8B7327555CF400991DA6 /* UserDefaultsService.swift */,
			);
			path = Services;
			sourceTree = "<group>";
		};
		C378006D27315D110045BF29 /* SignUp */ = {
			isa = PBXGroup;
			children = (
				C378006E27315D280045BF29 /* SubViews */,
				C35258AC27033DA100906C74 /* SignUp.swift */,
			);
			path = SignUp;
			sourceTree = "<group>";
		};
		C378006E27315D280045BF29 /* SubViews */ = {
			isa = PBXGroup;
			children = (
				C378007127315D620045BF29 /* SignUpField.swift */,
			);
			path = SubViews;
			sourceTree = "<group>";
		};
		C3AC8B622755403300991DA6 /* Photos */ = {
			isa = PBXGroup;
			children = (
				C354D1852758366400F73E0C /* SubViews */,
				C3AC8B632755404700991DA6 /* Photos.swift */,
			);
			path = Photos;
			sourceTree = "<group>";
		};
		C3AC8B662755406500991DA6 /* Users */ = {
			isa = PBXGroup;
			children = (
				C3AC8B672755407400991DA6 /* Users.swift */,
			);
			path = Users;
			sourceTree = "<group>";
		};
		C3AC8B6C2755552A00991DA6 /* SignUp */ = {
			isa = PBXGroup;
			children = (
				C378006A27315C2F0045BF29 /* SignUpFieldModel.swift */,
				C300E4BA2753E79700E87EFE /* SignUpError.swift */,
				C300E4BC2753EADD00E87EFE /* SignUpFieldType.swift */,
				C3AC8B71275555AB00991DA6 /* User.swift */,
			);
			path = SignUp;
			sourceTree = "<group>";
		};
		C3AC8B6D2755554A00991DA6 /* SignUp */ = {
			isa = PBXGroup;
			children = (
				C31B5660272D9031008E561A /* SignUpFormValidationService.swift */,
			);
			path = SignUp;
			sourceTree = "<group>";
		};
		C3AC8B6E2755556500991DA6 /* SignUp */ = {
			isa = PBXGroup;
			children = (
				C300E4BF2753EC7600E87EFE /* SignUpRegEx.swift */,
			);
			path = SignUp;
			sourceTree = "<group>";
		};
		C3AC8B6F2755557500991DA6 /* SignUp */ = {
			isa = PBXGroup;
			children = (
				C31B565E272D8E88008E561A /* SignUpViewModel.swift */,
			);
			path = SignUp;
			sourceTree = "<group>";
		};
		C3AC8B7527555D2D00991DA6 /* Users */ = {
			isa = PBXGroup;
			children = (
				C3AC8B7627555D3C00991DA6 /* UsersService.swift */,
			);
			path = Users;
			sourceTree = "<group>";
		};
		CF7C72ED710936C0036B9414 /* Pods */ = {
			isa = PBXGroup;
			children = (
				458259DE5BC12BA714AD0745 /* Pods-iOS_Labs.debug.xcconfig */,
				17C656671F02740AAAFB6578 /* Pods-iOS_Labs.release.xcconfig */,
			);
			path = Pods;
			sourceTree = "<group>";
		};
/* End PBXGroup section */

/* Begin PBXNativeTarget section */
		C35258A627033DA000906C74 /* iOS_Labs */ = {
			isa = PBXNativeTarget;
			buildConfigurationList = C35258B527033DA200906C74 /* Build configuration list for PBXNativeTarget "iOS_Labs" */;
			buildPhases = (
				D0FB0B2F053143DAAB9AF1CD /* [CP] Check Pods Manifest.lock */,
				C35258A327033DA000906C74 /* Sources */,
				C35258A427033DA000906C74 /* Frameworks */,
				C35258A527033DA000906C74 /* Resources */,
				E921A16BB8FA89E68AD3F56F /* [CP] Embed Pods Frameworks */,
			);
			buildRules = (
			);
			dependencies = (
			);
			name = iOS_Labs;
			productName = iOS_Labs;
			productReference = C35258A727033DA100906C74 /* iOS_Labs.app */;
			productType = "com.apple.product-type.application";
		};
/* End PBXNativeTarget section */

/* Begin PBXProject section */
		C352589F27033DA000906C74 /* Project object */ = {
			isa = PBXProject;
			attributes = {
				BuildIndependentTargetsInParallel = 1;
				LastSwiftUpdateCheck = 1300;
				LastUpgradeCheck = 1300;
				TargetAttributes = {
					C35258A627033DA000906C74 = {
						CreatedOnToolsVersion = 13.0;
					};
				};
			};
			buildConfigurationList = C35258A227033DA000906C74 /* Build configuration list for PBXProject "iOS_Labs" */;
			compatibilityVersion = "Xcode 13.0";
			developmentRegion = en;
			hasScannedForEncodings = 0;
			knownRegions = (
				en,
				Base,
			);
			mainGroup = C352589E27033DA000906C74;
			productRefGroup = C35258A827033DA100906C74 /* Products */;
			projectDirPath = "";
			projectRoot = "";
			targets = (
				C35258A627033DA000906C74 /* iOS_Labs */,
			);
		};
/* End PBXProject section */

/* Begin PBXResourcesBuildPhase section */
		C35258A527033DA000906C74 /* Resources */ = {
			isa = PBXResourcesBuildPhase;
			buildActionMask = 2147483647;
			files = (
				C354D17E2758301F00F73E0C /* Unsplash-Info.plist in Resources */,
				C35258B227033DA200906C74 /* Preview Assets.xcassets in Resources */,
				C35258AF27033DA200906C74 /* Assets.xcassets in Resources */,
			);
			runOnlyForDeploymentPostprocessing = 0;
		};
/* End PBXResourcesBuildPhase section */

/* Begin PBXShellScriptBuildPhase section */
		D0FB0B2F053143DAAB9AF1CD /* [CP] Check Pods Manifest.lock */ = {
			isa = PBXShellScriptBuildPhase;
			buildActionMask = 2147483647;
			files = (
			);
			inputFileListPaths = (
			);
			inputPaths = (
				"${PODS_PODFILE_DIR_PATH}/Podfile.lock",
				"${PODS_ROOT}/Manifest.lock",
			);
			name = "[CP] Check Pods Manifest.lock";
			outputFileListPaths = (
			);
			outputPaths = (
				"$(DERIVED_FILE_DIR)/Pods-iOS_Labs-checkManifestLockResult.txt",
			);
			runOnlyForDeploymentPostprocessing = 0;
			shellPath = /bin/sh;
			shellScript = "diff \"${PODS_PODFILE_DIR_PATH}/Podfile.lock\" \"${PODS_ROOT}/Manifest.lock\" > /dev/null\nif [ $? != 0 ] ; then\n    # print error to STDERR\n    echo \"error: The sandbox is not in sync with the Podfile.lock. Run 'pod install' or update your CocoaPods installation.\" >&2\n    exit 1\nfi\n# This output is used by Xcode 'outputs' to avoid re-running this script phase.\necho \"SUCCESS\" > \"${SCRIPT_OUTPUT_FILE_0}\"\n";
			showEnvVarsInLog = 0;
		};
		E921A16BB8FA89E68AD3F56F /* [CP] Embed Pods Frameworks */ = {
			isa = PBXShellScriptBuildPhase;
			buildActionMask = 2147483647;
			files = (
			);
			inputFileListPaths = (
				"${PODS_ROOT}/Target Support Files/Pods-iOS_Labs/Pods-iOS_Labs-frameworks-${CONFIGURATION}-input-files.xcfilelist",
			);
			name = "[CP] Embed Pods Frameworks";
			outputFileListPaths = (
				"${PODS_ROOT}/Target Support Files/Pods-iOS_Labs/Pods-iOS_Labs-frameworks-${CONFIGURATION}-output-files.xcfilelist",
			);
			runOnlyForDeploymentPostprocessing = 0;
			shellPath = /bin/sh;
			shellScript = "\"${PODS_ROOT}/Target Support Files/Pods-iOS_Labs/Pods-iOS_Labs-frameworks.sh\"\n";
			showEnvVarsInLog = 0;
		};
/* End PBXShellScriptBuildPhase section */

/* Begin PBXSourcesBuildPhase section */
		C35258A327033DA000906C74 /* Sources */ = {
			isa = PBXSourcesBuildPhase;
			buildActionMask = 2147483647;
			files = (
				C3AC8B7727555D3C00991DA6 /* UsersService.swift in Sources */,
				C378007227315D620045BF29 /* SignUpField.swift in Sources */,
				C31B565F272D8E88008E561A /* SignUpViewModel.swift in Sources */,
				C378006B27315C2F0045BF29 /* SignUpFieldModel.swift in Sources */,
				C300E4C02753EC7600E87EFE /* SignUpRegEx.swift in Sources */,
				C3AC8B682755407400991DA6 /* Users.swift in Sources */,
				C331C9AB27553C4C00F549CF /* General.swift in Sources */,
				C3AC8B72275555AB00991DA6 /* User.swift in Sources */,
				C3AC8B642755404800991DA6 /* Photos.swift in Sources */,
				C35258AD27033DA100906C74 /* SignUp.swift in Sources */,
				C300E4BD2753EADD00E87EFE /* SignUpFieldType.swift in Sources */,
				C31B5661272D9031008E561A /* SignUpFormValidationService.swift in Sources */,
				C354D18C275837D500F73E0C /* ImageModel.swift in Sources */,
				C35258AB27033DA100906C74 /* iOS_LabsApp.swift in Sources */,
				C354D1872758368200F73E0C /* Img.swift in Sources */,
				C354D1842758360B00F73E0C /* PhotoViewModel.swift in Sources */,
				C354D181275834EC00F73E0C /* PhotoModel.swift in Sources */,
				C3AC8B7427555CF400991DA6 /* UserDefaultsService.swift in Sources */,
				C3AC8B6B2755444000991DA6 /* PhotoController.swift in Sources */,
				C300E4BB2753E79700E87EFE /* SignUpError.swift in Sources */,
			);
			runOnlyForDeploymentPostprocessing = 0;
		};
/* End PBXSourcesBuildPhase section */

/* Begin XCBuildConfiguration section */
		C35258B327033DA200906C74 /* Debug */ = {
			isa = XCBuildConfiguration;
			buildSettings = {
				ALWAYS_SEARCH_USER_PATHS = NO;
				CLANG_ANALYZER_NONNULL = YES;
				CLANG_ANALYZER_NUMBER_OBJECT_CONVERSION = YES_AGGRESSIVE;
				CLANG_CXX_LANGUAGE_STANDARD = "gnu++17";
				CLANG_CXX_LIBRARY = "libc++";
				CLANG_ENABLE_MODULES = YES;
				CLANG_ENABLE_OBJC_ARC = YES;
				CLANG_ENABLE_OBJC_WEAK = YES;
				CLANG_WARN_BLOCK_CAPTURE_AUTORELEASING = YES;
				CLANG_WARN_BOOL_CONVERSION = YES;
				CLANG_WARN_COMMA = YES;
				CLANG_WARN_CONSTANT_CONVERSION = YES;
				CLANG_WARN_DEPRECATED_OBJC_IMPLEMENTATIONS = YES;
				CLANG_WARN_DIRECT_OBJC_ISA_USAGE = YES_ERROR;
				CLANG_WARN_DOCUMENTATION_COMMENTS = YES;
				CLANG_WARN_EMPTY_BODY = YES;
				CLANG_WARN_ENUM_CONVERSION = YES;
				CLANG_WARN_INFINITE_RECURSION = YES;
				CLANG_WARN_INT_CONVERSION = YES;
				CLANG_WARN_NON_LITERAL_NULL_CONVERSION = YES;
				CLANG_WARN_OBJC_IMPLICIT_RETAIN_SELF = YES;
				CLANG_WARN_OBJC_LITERAL_CONVERSION = YES;
				CLANG_WARN_OBJC_ROOT_CLASS = YES_ERROR;
				CLANG_WARN_QUOTED_INCLUDE_IN_FRAMEWORK_HEADER = YES;
				CLANG_WARN_RANGE_LOOP_ANALYSIS = YES;
				CLANG_WARN_STRICT_PROTOTYPES = YES;
				CLANG_WARN_SUSPICIOUS_MOVE = YES;
				CLANG_WARN_UNGUARDED_AVAILABILITY = YES_AGGRESSIVE;
				CLANG_WARN_UNREACHABLE_CODE = YES;
				CLANG_WARN__DUPLICATE_METHOD_MATCH = YES;
				COPY_PHASE_STRIP = NO;
				DEBUG_INFORMATION_FORMAT = dwarf;
				ENABLE_STRICT_OBJC_MSGSEND = YES;
				ENABLE_TESTABILITY = YES;
				GCC_C_LANGUAGE_STANDARD = gnu11;
				GCC_DYNAMIC_NO_PIC = NO;
				GCC_NO_COMMON_BLOCKS = YES;
				GCC_OPTIMIZATION_LEVEL = 0;
				GCC_PREPROCESSOR_DEFINITIONS = (
					"DEBUG=1",
					"$(inherited)",
				);
				GCC_WARN_64_TO_32_BIT_CONVERSION = YES;
				GCC_WARN_ABOUT_RETURN_TYPE = YES_ERROR;
				GCC_WARN_UNDECLARED_SELECTOR = YES;
				GCC_WARN_UNINITIALIZED_AUTOS = YES_AGGRESSIVE;
				GCC_WARN_UNUSED_FUNCTION = YES;
				GCC_WARN_UNUSED_VARIABLE = YES;
				IPHONEOS_DEPLOYMENT_TARGET = 15.0;
				MTL_ENABLE_DEBUG_INFO = INCLUDE_SOURCE;
				MTL_FAST_MATH = YES;
				ONLY_ACTIVE_ARCH = YES;
				SDKROOT = iphoneos;
				SWIFT_ACTIVE_COMPILATION_CONDITIONS = DEBUG;
				SWIFT_OPTIMIZATION_LEVEL = "-Onone";
			};
			name = Debug;
		};
		C35258B427033DA200906C74 /* Release */ = {
			isa = XCBuildConfiguration;
			buildSettings = {
				ALWAYS_SEARCH_USER_PATHS = NO;
				CLANG_ANALYZER_NONNULL = YES;
				CLANG_ANALYZER_NUMBER_OBJECT_CONVERSION = YES_AGGRESSIVE;
				CLANG_CXX_LANGUAGE_STANDARD = "gnu++17";
				CLANG_CXX_LIBRARY = "libc++";
				CLANG_ENABLE_MODULES = YES;
				CLANG_ENABLE_OBJC_ARC = YES;
				CLANG_ENABLE_OBJC_WEAK = YES;
				CLANG_WARN_BLOCK_CAPTURE_AUTORELEASING = YES;
				CLANG_WARN_BOOL_CONVERSION = YES;
				CLANG_WARN_COMMA = YES;
				CLANG_WARN_CONSTANT_CONVERSION = YES;
				CLANG_WARN_DEPRECATED_OBJC_IMPLEMENTATIONS = YES;
				CLANG_WARN_DIRECT_OBJC_ISA_USAGE = YES_ERROR;
				CLANG_WARN_DOCUMENTATION_COMMENTS = YES;
				CLANG_WARN_EMPTY_BODY = YES;
				CLANG_WARN_ENUM_CONVERSION = YES;
				CLANG_WARN_INFINITE_RECURSION = YES;
				CLANG_WARN_INT_CONVERSION = YES;
				CLANG_WARN_NON_LITERAL_NULL_CONVERSION = YES;
				CLANG_WARN_OBJC_IMPLICIT_RETAIN_SELF = YES;
				CLANG_WARN_OBJC_LITERAL_CONVERSION = YES;
				CLANG_WARN_OBJC_ROOT_CLASS = YES_ERROR;
				CLANG_WARN_QUOTED_INCLUDE_IN_FRAMEWORK_HEADER = YES;
				CLANG_WARN_RANGE_LOOP_ANALYSIS = YES;
				CLANG_WARN_STRICT_PROTOTYPES = YES;
				CLANG_WARN_SUSPICIOUS_MOVE = YES;
				CLANG_WARN_UNGUARDED_AVAILABILITY = YES_AGGRESSIVE;
				CLANG_WARN_UNREACHABLE_CODE = YES;
				CLANG_WARN__DUPLICATE_METHOD_MATCH = YES;
				COPY_PHASE_STRIP = NO;
				DEBUG_INFORMATION_FORMAT = "dwarf-with-dsym";
				ENABLE_NS_ASSERTIONS = NO;
				ENABLE_STRICT_OBJC_MSGSEND = YES;
				GCC_C_LANGUAGE_STANDARD = gnu11;
				GCC_NO_COMMON_BLOCKS = YES;
				GCC_WARN_64_TO_32_BIT_CONVERSION = YES;
				GCC_WARN_ABOUT_RETURN_TYPE = YES_ERROR;
				GCC_WARN_UNDECLARED_SELECTOR = YES;
				GCC_WARN_UNINITIALIZED_AUTOS = YES_AGGRESSIVE;
				GCC_WARN_UNUSED_FUNCTION = YES;
				GCC_WARN_UNUSED_VARIABLE = YES;
				IPHONEOS_DEPLOYMENT_TARGET = 15.0;
				MTL_ENABLE_DEBUG_INFO = NO;
				MTL_FAST_MATH = YES;
				SDKROOT = iphoneos;
				SWIFT_COMPILATION_MODE = wholemodule;
				SWIFT_OPTIMIZATION_LEVEL = "-O";
				VALIDATE_PRODUCT = YES;
			};
			name = Release;
		};
		C35258B627033DA200906C74 /* Debug */ = {
			isa = XCBuildConfiguration;
			baseConfigurationReference = 458259DE5BC12BA714AD0745 /* Pods-iOS_Labs.debug.xcconfig */;
			buildSettings = {
				ASSETCATALOG_COMPILER_APPICON_NAME = AppIcon;
				ASSETCATALOG_COMPILER_GLOBAL_ACCENT_COLOR_NAME = AccentColor;
				CODE_SIGN_STYLE = Automatic;
				CURRENT_PROJECT_VERSION = 1;
				DEVELOPMENT_ASSET_PATHS = "\"iOS_Labs/Preview Content\"";
				DEVELOPMENT_TEAM = 8KLU4VSD65;
				ENABLE_PREVIEWS = YES;
				GENERATE_INFOPLIST_FILE = YES;
				INFOPLIST_KEY_UIApplicationSceneManifest_Generation = YES;
				INFOPLIST_KEY_UIApplicationSupportsIndirectInputEvents = YES;
				INFOPLIST_KEY_UILaunchScreen_Generation = YES;
				INFOPLIST_KEY_UISupportedInterfaceOrientations_iPad = "UIInterfaceOrientationPortrait UIInterfaceOrientationPortraitUpsideDown UIInterfaceOrientationLandscapeLeft UIInterfaceOrientationLandscapeRight";
				INFOPLIST_KEY_UISupportedInterfaceOrientations_iPhone = "UIInterfaceOrientationPortrait UIInterfaceOrientationLandscapeLeft UIInterfaceOrientationLandscapeRight";
				IPHONEOS_DEPLOYMENT_TARGET = 14.0;
				LD_RUNPATH_SEARCH_PATHS = (
					"$(inherited)",
					"@executable_path/Frameworks",
				);
				MARKETING_VERSION = 1.0;
				PRODUCT_BUNDLE_IDENTIFIER = "iot.iOS-Labs";
				PRODUCT_NAME = "$(TARGET_NAME)";
				SWIFT_EMIT_LOC_STRINGS = YES;
				SWIFT_VERSION = 5.0;
				TARGETED_DEVICE_FAMILY = "1,2";
			};
			name = Debug;
		};
		C35258B727033DA200906C74 /* Release */ = {
			isa = XCBuildConfiguration;
			baseConfigurationReference = 17C656671F02740AAAFB6578 /* Pods-iOS_Labs.release.xcconfig */;
			buildSettings = {
				ASSETCATALOG_COMPILER_APPICON_NAME = AppIcon;
				ASSETCATALOG_COMPILER_GLOBAL_ACCENT_COLOR_NAME = AccentColor;
				CODE_SIGN_STYLE = Automatic;
				CURRENT_PROJECT_VERSION = 1;
				DEVELOPMENT_ASSET_PATHS = "\"iOS_Labs/Preview Content\"";
				DEVELOPMENT_TEAM = 8KLU4VSD65;
				ENABLE_PREVIEWS = YES;
				GENERATE_INFOPLIST_FILE = YES;
				INFOPLIST_KEY_UIApplicationSceneManifest_Generation = YES;
				INFOPLIST_KEY_UIApplicationSupportsIndirectInputEvents = YES;
				INFOPLIST_KEY_UILaunchScreen_Generation = YES;
				INFOPLIST_KEY_UISupportedInterfaceOrientations_iPad = "UIInterfaceOrientationPortrait UIInterfaceOrientationPortraitUpsideDown UIInterfaceOrientationLandscapeLeft UIInterfaceOrientationLandscapeRight";
				INFOPLIST_KEY_UISupportedInterfaceOrientations_iPhone = "UIInterfaceOrientationPortrait UIInterfaceOrientationLandscapeLeft UIInterfaceOrientationLandscapeRight";
				IPHONEOS_DEPLOYMENT_TARGET = 14.0;
				LD_RUNPATH_SEARCH_PATHS = (
					"$(inherited)",
					"@executable_path/Frameworks",
				);
				MARKETING_VERSION = 1.0;
				PRODUCT_BUNDLE_IDENTIFIER = "iot.iOS-Labs";
				PRODUCT_NAME = "$(TARGET_NAME)";
				SWIFT_EMIT_LOC_STRINGS = YES;
				SWIFT_VERSION = 5.0;
				TARGETED_DEVICE_FAMILY = "1,2";
			};
			name = Release;
		};
/* End XCBuildConfiguration section */

/* Begin XCConfigurationList section */
		C35258A227033DA000906C74 /* Build configuration list for PBXProject "iOS_Labs" */ = {
			isa = XCConfigurationList;
			buildConfigurations = (
				C35258B327033DA200906C74 /* Debug */,
				C35258B427033DA200906C74 /* Release */,
			);
			defaultConfigurationIsVisible = 0;
			defaultConfigurationName = Release;
		};
		C35258B527033DA200906C74 /* Build configuration list for PBXNativeTarget "iOS_Labs" */ = {
			isa = XCConfigurationList;
			buildConfigurations = (
				C35258B627033DA200906C74 /* Debug */,
				C35258B727033DA200906C74 /* Release */,
			);
			defaultConfigurationIsVisible = 0;
			defaultConfigurationName = Release;
		};
/* End XCConfigurationList section */
	};
	rootObject = C352589F27033DA000906C74 /* Project object */;
}
